
Microsoft Visual Studio Solution File, Format Version 12.00
# Visual Studio Version 17
VisualStudioVersion = 17.8.34330.188
MinimumVisualStudioVersion = 10.0.40219.1
Project("{FAE04EC0-301F-11D3-BF4B-00C04F79EFBC}") = "LacunaSpace.API", "src\1 - APLICATION\LacunaSpace.API\LacunaSpace.API.csproj", "{08AF966B-41EE-4A67-A0A7-0E43C6B4187A}"
EndProject
Project("{2150E333-8FDC-42A3-9474-1A3956D46DE8}") = "1 - APLICATION", "1 - APLICATION", "{611351C3-D315-4436-BF72-006765941EFB}"
EndProject
Project("{2150E333-8FDC-42A3-9474-1A3956D46DE8}") = "2 - SERVICE", "2 - SERVICE", "{1D8FF9BE-F98E-4667-A43F-FDFD2E698C89}"
EndProject
Project("{2150E333-8FDC-42A3-9474-1A3956D46DE8}") = "3 - DOMAIN", "3 - DOMAIN", "{0B346415-6F02-40CE-8FA6-0A88927A3671}"
EndProject
Project("{2150E333-8FDC-42A3-9474-1A3956D46DE8}") = "4 - INFRA", "4 - INFRA", "{3D31F28C-9395-4651-A883-5842543EE317}"
EndProject
Project("{2150E333-8FDC-42A3-9474-1A3956D46DE8}") = "4.1 - DATA", "4.1 - DATA", "{AE4B3EF2-DF42-48DE-BCE1-3E6D4AE2A9E8}"
EndProject
Project("{FAE04EC0-301F-11D3-BF4B-00C04F79EFBC}") = "LacunaSpace.SERVICE", "src\2 - SERVICE\LacunaSpace.SERVICE\LacunaSpace.SERVICE.csproj", "{907A3496-E053-4F7F-A9D9-711016C63AE6}"
EndProject
Project("{FAE04EC0-301F-11D3-BF4B-00C04F79EFBC}") = "LacunaSpace.DOMAIN", "src\3 - DOMAIN\LacunaSpace.DOMAIN\LacunaSpace.DOMAIN.csproj", "{9B050886-3837-4EFE-86DA-E86BA17B3251}"
EndProject
Project("{FAE04EC0-301F-11D3-BF4B-00C04F79EFBC}") = "LacunaSpace.DATA", "src\4 - INFRA\LacunaSpace.DATA\LacunaSpace.DATA.csproj", "{E7732346-281D-4606-B4F5-08D0834DC052}"
EndProject
Global
	GlobalSection(SolutionConfigurationPlatforms) = preSolution
		Debug|Any CPU = Debug|Any CPU
		Release|Any CPU = Release|Any CPU
	EndGlobalSection
	GlobalSection(ProjectConfigurationPlatforms) = postSolution
		{08AF966B-41EE-4A67-A0A7-0E43C6B4187A}.Debug|Any CPU.ActiveCfg = Debug|Any CPU
		{08AF966B-41EE-4A67-A0A7-0E43C6B4187A}.Debug|Any CPU.Build.0 = Debug|Any CPU
		{08AF966B-41EE-4A67-A0A7-0E43C6B4187A}.Release|Any CPU.ActiveCfg = Release|Any CPU
		{08AF966B-41EE-4A67-A0A7-0E43C6B4187A}.Release|Any CPU.Build.0 = Release|Any CPU
		{907A3496-E053-4F7F-A9D9-711016C63AE6}.Debug|Any CPU.ActiveCfg = Debug|Any CPU
		{907A3496-E053-4F7F-A9D9-711016C63AE6}.Debug|Any CPU.Build.0 = Debug|Any CPU
		{907A3496-E053-4F7F-A9D9-711016C63AE6}.Release|Any CPU.ActiveCfg = Release|Any CPU
		{907A3496-E053-4F7F-A9D9-711016C63AE6}.Release|Any CPU.Build.0 = Release|Any CPU
		{9B050886-3837-4EFE-86DA-E86BA17B3251}.Debug|Any CPU.ActiveCfg = Debug|Any CPU
		{9B050886-3837-4EFE-86DA-E86BA17B3251}.Debug|Any CPU.Build.0 = Debug|Any CPU
		{9B050886-3837-4EFE-86DA-E86BA17B3251}.Release|Any CPU.ActiveCfg = Release|Any CPU
		{9B050886-3837-4EFE-86DA-E86BA17B3251}.Release|Any CPU.Build.0 = Release|Any CPU
		{E7732346-281D-4606-B4F5-08D0834DC052}.Debug|Any CPU.ActiveCfg = Debug|Any CPU
		{E7732346-281D-4606-B4F5-08D0834DC052}.Debug|Any CPU.Build.0 = Debug|Any CPU
		{E7732346-281D-4606-B4F5-08D0834DC052}.Release|Any CPU.ActiveCfg = Release|Any CPU
		{E7732346-281D-4606-B4F5-08D0834DC052}.Release|Any CPU.Build.0 = Release|Any CPU
	EndGlobalSection
	GlobalSection(SolutionProperties) = preSolution
		HideSolutionNode = FALSE
	EndGlobalSection
	GlobalSection(NestedProjects) = preSolution
		{08AF966B-41EE-4A67-A0A7-0E43C6B4187A} = {611351C3-D315-4436-BF72-006765941EFB}
		{AE4B3EF2-DF42-48DE-BCE1-3E6D4AE2A9E8} = {3D31F28C-9395-4651-A883-5842543EE317}
		{907A3496-E053-4F7F-A9D9-711016C63AE6} = {1D8FF9BE-F98E-4667-A43F-FDFD2E698C89}
		{9B050886-3837-4EFE-86DA-E86BA17B3251} = {0B346415-6F02-40CE-8FA6-0A88927A3671}
		{E7732346-281D-4606-B4F5-08D0834DC052} = {AE4B3EF2-DF42-48DE-BCE1-3E6D4AE2A9E8}
	EndGlobalSection
	GlobalSection(ExtensibilityGlobals) = postSolution
		SolutionGuid = {8848AFEA-8E69-4CDB-8EF5-AA6F591BED37}
	EndGlobalSection
EndGlobal
